<?xml version="1.0" encoding="utf-8"?>
<Project ToolsVersion="4.0" xmlns="http://schemas.microsoft.com/developer/msbuild/2003">
  <ItemGroup>
    <Filter Include="Source Files">
      <UniqueIdentifier>{4FC737F1-C7A5-4376-A066-2A32D752A2FF}</UniqueIdentifier>
      <Extensions>cpp;c;cc;cxx;def;odl;idl;hpj;bat;asm;asmx</Extensions>
    </Filter>
    <Filter Include="Source Files\GSM LL">
      <UniqueIdentifier>{a7a2f464-2a72-438b-95c3-287e652c47f0}</UniqueIdentifier>
    </Filter>
    <Filter Include="Source Files\GSM SNIPPETS">
      <UniqueIdentifier>{f53eba69-7eb3-428c-9053-e398ae95bf8e}</UniqueIdentifier>
    </Filter>
    <Filter Include="Source Files\GSM CORE">
      <UniqueIdentifier>{2ccedd44-52f3-42de-a09f-0efbb182a9bb}</UniqueIdentifier>
    </Filter>
    <Filter Include="Source Files\GSM API">
      <UniqueIdentifier>{ed3e52b6-f791-4856-bea8-c539749fbd7b}</UniqueIdentifier>
    </Filter>
    <Filter Include="Source Files\GSM APP MQTT">
      <UniqueIdentifier>{b5bac07c-e836-48d3-b94a-59c59380b16e}</UniqueIdentifier>
    </Filter>
    <Filter Include="Source Files\LWMEM">
      <UniqueIdentifier>{364d24b9-abb3-43ea-8cbc-69a214722bb3}</UniqueIdentifier>
    </Filter>
  </ItemGroup>
  <ItemGroup>
    <ClCompile Include="main.c">
      <Filter>Source Files</Filter>
    </ClCompile>
    <ClCompile Include="..\..\GSM_AT_Lib\src\gsm\gsm.c">
      <Filter>Source Files\GSM CORE</Filter>
    </ClCompile>
    <ClCompile Include="..\..\GSM_AT_Lib\src\gsm\gsm_buff.c">
      <Filter>Source Files\GSM CORE</Filter>
    </ClCompile>
    <ClCompile Include="..\..\GSM_AT_Lib\src\gsm\gsm_debug.c">
      <Filter>Source Files\GSM CORE</Filter>
    </ClCompile>
    <ClCompile Include="..\..\GSM_AT_Lib\src\gsm\gsm_evt.c">
      <Filter>Source Files\GSM CORE</Filter>
    </ClCompile>
    <ClCompile Include="..\..\GSM_AT_Lib\src\gsm\gsm_input.c">
      <Filter>Source Files\GSM CORE</Filter>
    </ClCompile>
    <ClCompile Include="..\..\GSM_AT_Lib\src\gsm\gsm_int.c">
      <Filter>Source Files\GSM CORE</Filter>
    </ClCompile>
    <ClCompile Include="..\..\GSM_AT_Lib\src\gsm\gsm_mem.c">
      <Filter>Source Files\GSM CORE</Filter>
    </ClCompile>
    <ClCompile Include="..\..\GSM_AT_Lib\src\gsm\gsm_parser.c">
      <Filter>Source Files\GSM CORE</Filter>
    </ClCompile>
    <ClCompile Include="..\..\GSM_AT_Lib\src\gsm\gsm_pbuf.c">
      <Filter>Source Files\GSM CORE</Filter>
    </ClCompile>
    <ClCompile Include="..\..\GSM_AT_Lib\src\gsm\gsm_threads.c">
      <Filter>Source Files\GSM CORE</Filter>
    </ClCompile>
    <ClCompile Include="..\..\GSM_AT_Lib\src\gsm\gsm_timeout.c">
      <Filter>Source Files\GSM CORE</Filter>
    </ClCompile>
    <ClCompile Include="..\..\GSM_AT_Lib\src\system\gsm_ll_win32.c">
      <Filter>Source Files\GSM LL</Filter>
    </ClCompile>
    <ClCompile Include="..\..\GSM_AT_Lib\src\system\gsm_sys_win32.c">
      <Filter>Source Files\GSM LL</Filter>
    </ClCompile>
    <ClCompile Include="..\..\GSM_AT_Lib\src\gsm\gsm_unicode.c">
      <Filter>Source Files\GSM CORE</Filter>
    </ClCompile>
    <ClCompile Include="..\..\GSM_AT_Lib\src\gsm\gsm_call.c">
      <Filter>Source Files\GSM CORE</Filter>
    </ClCompile>
    <ClCompile Include="..\..\GSM_AT_Lib\src\gsm\gsm_http.c">
      <Filter>Source Files\GSM CORE</Filter>
    </ClCompile>
    <ClCompile Include="..\..\GSM_AT_Lib\src\gsm\gsm_phonebook.c">
      <Filter>Source Files\GSM CORE</Filter>
    </ClCompile>
    <ClCompile Include="..\..\GSM_AT_Lib\src\gsm\gsm_sms.c">
      <Filter>Source Files\GSM CORE</Filter>
    </ClCompile>
    <ClCompile Include="..\..\GSM_AT_Lib\src\gsm\gsm_network.c">
      <Filter>Source Files\GSM CORE</Filter>
    </ClCompile>
    <ClCompile Include="..\..\GSM_AT_Lib\src\gsm\gsm_operator.c">
      <Filter>Source Files\GSM CORE</Filter>
    </ClCompile>
    <ClCompile Include="..\..\GSM_AT_Lib\src\gsm\gsm_sim.c">
      <Filter>Source Files\GSM CORE</Filter>
    </ClCompile>
    <ClCompile Include="..\..\GSM_AT_Lib\src\gsm\gsm_conn.c">
      <Filter>Source Files\GSM CORE</Filter>
    </ClCompile>
    <ClCompile Include="..\..\GSM_AT_Lib\src\api\gsm_netconn.c">
      <Filter>Source Files\GSM API</Filter>
    </ClCompile>
    <ClCompile Include="..\..\GSM_AT_Lib\src\apps\mqtt\gsm_mqtt_client.c">
      <Filter>Source Files\GSM APP MQTT</Filter>
    </ClCompile>
    <ClCompile Include="..\..\GSM_AT_Lib\src\apps\mqtt\gsm_mqtt_client_api.c">
      <Filter>Source Files\GSM APP MQTT</Filter>
    </ClCompile>
    <ClCompile Include="..\..\GSM_AT_Lib\src\apps\mqtt\gsm_mqtt_client_evt.c">
      <Filter>Source Files\GSM APP MQTT</Filter>
    </ClCompile>
    <ClCompile Include="..\..\snippets\mqtt_client_api.c">
      <Filter>Source Files\GSM SNIPPETS</Filter>
    </ClCompile>
    <ClCompile Include="..\..\snippets\netconn_client.c">
      <Filter>Source Files\GSM SNIPPETS</Filter>
    </ClCompile>
    <ClCompile Include="..\..\snippets\network_utils.c">
      <Filter>Source Files\GSM SNIPPETS</Filter>
    </ClCompile>
    <ClCompile Include="..\..\snippets\sim_manager.c">
      <Filter>Source Files\GSM SNIPPETS</Filter>
    </ClCompile>
    <ClCompile Include="..\..\GSM_AT_Lib\src\gsm\gsm_device_info.c">
      <Filter>Source Files\GSM CORE</Filter>
    </ClCompile>
    <ClCompile Include="..\..\GSM_AT_Lib\src\gsm\gsm_utils.c">
      <Filter>Source Files\GSM CORE</Filter>
    </ClCompile>
    <ClCompile Include="..\..\GSM_AT_Lib\src\system\gsm_mem_lwmem.c">
      <Filter>Source Files\GSM LL</Filter>
    </ClCompile>
    <ClCompile Include="..\..\..\lwmem_res\lwmem\src\lwmem\lwmem.c">
      <Filter>Source Files\LWMEM</Filter>
    </ClCompile>
    <ClCompile Include="..\..\..\lwmem_res\lwmem\src\system\lwmem_sys_win32.c">
      <Filter>Source Files\LWMEM</Filter>
    </ClCompile>
    <ClCompile Include="..\..\snippets\sms_send_receive.c">
      <Filter>Source Files\GSM SNIPPETS</Filter>
    </ClCompile>
    <ClCompile Include="..\..\GSM_AT_Lib\src\api\gsm_network_api.c">
      <Filter>Source Files\GSM API</Filter>
    </ClCompile>
    <ClCompile Include="..\..\GSM_AT_Lib\src\gsm\gsm_ussd.c">
      <Filter>Source Files\GSM CORE</Filter>
    </ClCompile>
  </ItemGroup>
</Project>